{
  "name": "web-ifc-viewer-root",
  "version": "1.0.133",
  "lockfileVersion": 1,
  "requires": true,
  "dependencies": {
    "three-mesh-bvh": {
      "version": "0.5.4",
      "resolved": "https://registry.npmjs.org/three-mesh-bvh/-/three-mesh-bvh-0.5.4.tgz",
      "integrity": "sha512-Hq3zpjqBxx2sp/K2Fw7cZ1yEoIVbMc4hOv3VRtmCjHapDKkZpDh8w3OcktbCwn+vBNPt9Ii8D0nDTeqt+73Dwg=="
    },
    "web-ifc": {
      "version": "0.0.32",
      "resolved": "https://registry.npmjs.org/web-ifc/-/web-ifc-0.0.32.tgz",
      "integrity": "sha512-EYPhzIXaZ0qW7fOrfds97qpP2MWaCYljfeMpJRAZP+qa2TNqWDu2egZXf03WIt+v39ymd/PFU+RBHZxVM3EEtQ=="
    },
    "web-ifc-three": {
      "version": "0.0.103",
      "resolved": "https://registry.npmjs.org/web-ifc-three/-/web-ifc-three-0.0.103.tgz",
      "integrity": "sha512-NFrSSYd6NwaUbtFm2LTBG4Crm0A/NBBvCSz0bC7wbcaxc+ZryjDJ8NoEPwzfRcnQk6Yt420Ukm5Cl3dqR1qmqQ==",
      "requires": {
        "three-mesh-bvh": "^0.5.2",
        "web-ifc": "^0.0.32"
      }
    }
  }
}
